{
  "requires": true,
  "lockfileVersion": 1,
  "dependencies": {
    "@remix-run/router": {
      "version": "1.7.2",
      "resolved": "https://registry.npmjs.org/@remix-run/router/-/router-1.7.2.tgz",
      "integrity": "sha512-7Lcn7IqGMV+vizMPoEl5F0XDshcdDYtMI6uJLQdQz5CfZAwy3vvGKYSUk789qndt5dEC4HfSjviSYlSoHGL2+A=="
    },
    "deep-eql": {
      "version": "4.1.3",
      "resolved": "https://registry.npmjs.org/deep-eql/-/deep-eql-4.1.3.tgz",
      "integrity": "sha512-WaEtAOpRA1MQ0eohqZjpGD8zdI0Ovsm8mmFhaDN8dvDZzyoUMcYDnf5Y6iu7HTXxf8JDS23qWa4a+hKCDyOPzw==",
      "requires": {
        "type-detect": "^4.0.0"
      }
    },
    "react-router": {
      "version": "6.14.2",
      "resolved": "https://registry.npmjs.org/react-router/-/react-router-6.14.2.tgz",
      "integrity": "sha512-09Zss2dE2z+T1D03IheqAFtK4UzQyX8nFPWx6jkwdYzGLXd5ie06A6ezS2fO6zJfEb/SpG6UocN2O1hfD+2urQ==",
      "requires": {
        "@remix-run/router": "1.7.2"
      }
    },
    "react-router-dom": {
      "version": "6.14.2",
      "resolved": "https://registry.npmjs.org/react-router-dom/-/react-router-dom-6.14.2.tgz",
      "integrity": "sha512-5pWX0jdKR48XFZBuJqHosX3AAHjRAzygouMTyimnBPOLdY3WjzUSKhus2FVMihUFWzeLebDgr4r8UeQFAct7Bg==",
      "requires": {
        "@remix-run/router": "1.7.2",
        "react-router": "6.14.2"
      }
    },
    "react-tsparticles": {
      "version": "2.11.0",
      "resolved": "https://registry.npmjs.org/react-tsparticles/-/react-tsparticles-2.11.0.tgz",
      "integrity": "sha512-wIb3Ua4Yw5nhziPHVrMUEC+T4s0Hp1bM9zjX2oCmZvzATjOrc+yA/Ie8+9m7HUbLGXewusGrLhLfWHEO1/NNsQ==",
      "requires": {
        "deep-eql": "^4.1.3",
        "tsparticles-engine": "^2.11.0"
      }
    },
    "tsparticles-engine": {
      "version": "2.11.0",
      "resolved": "https://registry.npmjs.org/tsparticles-engine/-/tsparticles-engine-2.11.0.tgz",
      "integrity": "sha512-kL6aV/6TPNF3jU6ni8jBGSVdnXAvxaeGsFalR4h+L3uMPlmbRKVs/QSnG3shwWGdWJuFmPSmXC8nI1OIWCUYpA=="
    },
    "type-detect": {
      "version": "4.0.8",
      "resolved": "https://registry.npmjs.org/type-detect/-/type-detect-4.0.8.tgz",
      "integrity": "sha512-0fr/mIH1dlO+x7TlcMy+bIDqKPsw/70tVyeHW787goQjhmqaZe10uwLujubK9q9Lg6Fiho1KUKDYz0Z7k7g5/g=="
    }
  }
}
